
Microsoft Visual Studio Solution File, Format Version 12.00
# Visual Studio Version 16
VisualStudioVersion = 16.0.31729.503
MinimumVisualStudioVersion = 10.0.40219.1
Project("{FAE04EC0-301F-11D3-BF4B-00C04F79EFBC}") = "WebMVC", "WebMVC\WebMVC.csproj", "{D706B7BA-1477-484B-A20B-1AF9F3D8BEBC}"
EndProject
Global
	GlobalSection(SolutionConfigurationPlatforms) = preSolution
		Debug|Any CPU = Debug|Any CPU
		Release|Any CPU = Release|Any CPU
	EndGlobalSection
	GlobalSection(ProjectConfigurationPlatforms) = postSolution
		{D706B7BA-1477-484B-A20B-1AF9F3D8BEBC}.Debug|Any CPU.ActiveCfg = Debug|Any CPU
		{D706B7BA-1477-484B-A20B-1AF9F3D8BEBC}.Debug|Any CPU.Build.0 = Debug|Any CPU
		{D706B7BA-1477-484B-A20B-1AF9F3D8BEBC}.Release|Any CPU.ActiveCfg = Release|Any CPU
		{D706B7BA-1477-484B-A20B-1AF9F3D8BEBC}.Release|Any CPU.Build.0 = Release|Any CPU
	EndGlobalSection
	GlobalSection(SolutionProperties) = preSolution
		HideSolutionNode = FALSE
	EndGlobalSection
	GlobalSection(ExtensibilityGlobals) = postSolution
		SolutionGuid = {B7C64789-DD97-4046-974B-D0BD706A60BE}
	EndGlobalSection
EndGlobal
