
Microsoft Visual Studio Solution File, Format Version 12.00
# Visual Studio Version 16
VisualStudioVersion = 16.0.31729.503
MinimumVisualStudioVersion = 10.0.40219.1
Project("{FAE04EC0-301F-11D3-BF4B-00C04F79EFBC}") = "MVCMT", "MVCMT\MVCMT.csproj", "{56183AF0-1470-402F-8D6C-C29530209B5F}"
EndProject
Global
	GlobalSection(SolutionConfigurationPlatforms) = preSolution
		Debug|Any CPU = Debug|Any CPU
		Release|Any CPU = Release|Any CPU
	EndGlobalSection
	GlobalSection(ProjectConfigurationPlatforms) = postSolution
		{56183AF0-1470-402F-8D6C-C29530209B5F}.Debug|Any CPU.ActiveCfg = Debug|Any CPU
		{56183AF0-1470-402F-8D6C-C29530209B5F}.Debug|Any CPU.Build.0 = Debug|Any CPU
		{56183AF0-1470-402F-8D6C-C29530209B5F}.Release|Any CPU.ActiveCfg = Release|Any CPU
		{56183AF0-1470-402F-8D6C-C29530209B5F}.Release|Any CPU.Build.0 = Release|Any CPU
	EndGlobalSection
	GlobalSection(SolutionProperties) = preSolution
		HideSolutionNode = FALSE
	EndGlobalSection
	GlobalSection(ExtensibilityGlobals) = postSolution
		SolutionGuid = {038DCCC0-7F08-4CC7-8D53-1D18589D8CF4}
	EndGlobalSection
EndGlobal
